
Microsoft Visual Studio Solution File, Format Version 12.00
# Visual Studio Express 15 for Windows Desktop
VisualStudioVersion = 15.0.28307.572
MinimumVisualStudioVersion = 10.0.40219.1
Project("{FAE04EC0-301F-11D3-BF4B-00C04F79EFBC}") = "sftp", "sftp.csproj", "{CCF10D3D-8E6D-41CF-B17A-ACC45C1246F8}"
EndProject
Global
	GlobalSection(SolutionConfigurationPlatforms) = preSolution
		Debug|Any CPU = Debug|Any CPU
		Release|Any CPU = Release|Any CPU
	EndGlobalSection
	GlobalSection(ProjectConfigurationPlatforms) = postSolution
		{CCF10D3D-8E6D-41CF-B17A-ACC45C1246F8}.Debug|Any CPU.ActiveCfg = Debug|Any CPU
		{CCF10D3D-8E6D-41CF-B17A-ACC45C1246F8}.Debug|Any CPU.Build.0 = Debug|Any CPU
		{CCF10D3D-8E6D-41CF-B17A-ACC45C1246F8}.Release|Any CPU.ActiveCfg = Release|Any CPU
		{CCF10D3D-8E6D-41CF-B17A-ACC45C1246F8}.Release|Any CPU.Build.0 = Release|Any CPU
	EndGlobalSection
	GlobalSection(SolutionProperties) = preSolution
		HideSolutionNode = FALSE
	EndGlobalSection
	GlobalSection(ExtensibilityGlobals) = postSolution
		SolutionGuid = {70FA1813-1D85-444F-9CB7-29AA9B13EC1E}
	EndGlobalSection
EndGlobal
